
Microsoft Visual Studio Solution File, Format Version 12.00
# Visual Studio Version 16
VisualStudioVersion = 16.0.31410.357
MinimumVisualStudioVersion = 10.0.40219.1
Project("{FAE04EC0-301F-11D3-BF4B-00C04F79EFBC}") = "Kiler.Bus.Example", "Kiler.Bus.Example\Kiler.Bus.Example.csproj", "{71EE0680-28E5-4B23-8F8A-BF0897F26D8D}"
EndProject
Global
	GlobalSection(SolutionConfigurationPlatforms) = preSolution
		Debug|Any CPU = Debug|Any CPU
		Release|Any CPU = Release|Any CPU
	EndGlobalSection
	GlobalSection(ProjectConfigurationPlatforms) = postSolution
		{71EE0680-28E5-4B23-8F8A-BF0897F26D8D}.Debug|Any CPU.ActiveCfg = Debug|Any CPU
		{71EE0680-28E5-4B23-8F8A-BF0897F26D8D}.Debug|Any CPU.Build.0 = Debug|Any CPU
		{71EE0680-28E5-4B23-8F8A-BF0897F26D8D}.Release|Any CPU.ActiveCfg = Release|Any CPU
		{71EE0680-28E5-4B23-8F8A-BF0897F26D8D}.Release|Any CPU.Build.0 = Release|Any CPU
	EndGlobalSection
	GlobalSection(SolutionProperties) = preSolution
		HideSolutionNode = FALSE
	EndGlobalSection
	GlobalSection(ExtensibilityGlobals) = postSolution
		SolutionGuid = {AC817886-9C0E-426C-BE4A-0B833AD4191B}
	EndGlobalSection
EndGlobal
